{
    "_meta": {
        "hash": {
            "sha256": "07d041c8ff70fa1a39cdd4c3ca53c24fe6629cbc6cf869ea7aabe7a45a9ef958"
        },
        "pipfile-spec": 6,
        "requires": {},
        "sources": [
            {
                "name": "pypi",
                "url": "https://pypi.org/simple",
                "verify_ssl": true
            }
        ]
    },
    "default": {
        "attrs": {
            "hashes": [
                "sha256:935dc3b529c262f6cf76e50877d35a4bd3c1de194fd41f47a2b7ae8f19971f30",
                "sha256:99b87a485a5820b23b879f04c2305b44b951b502fd64be915879d77a7e8fc6f1"
            ],
            "markers": "python_version >= '3.7'",
            "version": "==23.2.0"
        },
        "automat": {
            "hashes": [
                "sha256:c3164f8742b9dc440f3682482d32aaff7bb53f71740dd018533f9de286b64180",
                "sha256:e56beb84edad19dcc11d30e8d9b895f75deeb5ef5e96b84a467066b3b84bb04e"
            ],
            "version": "==22.10.0"
        },
        "constantly": {
            "hashes": [
                "sha256:3fd9b4d1c3dc1ec9757f3c52aef7e53ad9323dbe39f51dfd4c43853b68dfa3f9",
                "sha256:aa92b70a33e2ac0bb33cd745eb61776594dc48764b06c35e0efd050b7f1c7cbd"
            ],
            "markers": "python_version >= '3.8'",
            "version": "==23.10.4"
        },
        "hyperlink": {
            "hashes": [
                "sha256:427af957daa58bc909471c6c40f74c5450fa123dd093fc53efd2e91d2705a56b",
                "sha256:e6b14c37ecb73e89c77d78cdb4c2cc8f3fb59a885c5b3f819ff4ed80f25af1b4"
            ],
            "version": "==21.0.0"
        },
        "idna": {
            "hashes": [
                "sha256:028ff3aadf0609c1fd278d8ea3089299412a7a8b9bd005dd08b9f8285bcb5cfc",
                "sha256:82fee1fc78add43492d3a1898bfa6d8a904cc97d8427f683ed8e798d07761aa0"
            ],
            "markers": "python_version >= '3.5'",
            "version": "==3.7"
        },
        "incremental": {
            "hashes": [
                "sha256:a3717c20534499835555ba727b32ee087945ba9daaf23851471dfe3d1e3d1698",
                "sha256:fdec6e533d06fd5497080fad4d8b78416c98801588551c9e620409940e8745f7"
            ],
            "markers": "python_version >= '3.8'",
            "version": "==24.7.1"
        },
        "setuptools": {
            "hashes": [
                "sha256:5a03e1860cf56bb6ef48ce186b0e557fdba433237481a9a625176c2831be15d1",
                "sha256:8d243eff56d095e5817f796ede6ae32941278f542e0f941867cc05ae52b162ec"
            ],
            "markers": "python_version >= '3.8'",
            "version": "==72.1.0"
        },
        "six": {
            "hashes": [
                "sha256:1e61c37477a1626458e36f7b1d82aa5c9b094fa4802892072e49de9c60c4c926",
                "sha256:8abb2f1d86890a2dfb989f9a77cfcfd3e47c2a354b01111771326f8aa26e0254"
            ],
            "markers": "python_version >= '2.7' and python_version not in '3.0, 3.1, 3.2, 3.3'",
            "version": "==1.16.0"
        },
        "tomli": {
            "hashes": [
                "sha256:939de3e7a6161af0c887ef91b7d41a53e7c5a1ca976325f429cb46ea9bc30ecc",
                "sha256:de526c12914f0c550d15924c62d72abc48d6fe7364aa87328337a31007fe8a4f"
            ],
            "markers": "python_version < '3.11'",
            "version": "==2.0.1"
        },
        "twisted": {
            "hashes": [
                "sha256:039f2e6a49ab5108abd94de187fa92377abe5985c7a72d68d0ad266ba19eae63",
                "sha256:6b38b6ece7296b5e122c9eb17da2eeab3d98a198f50ca9efd00fb03e5b4fd4ae"
            ],
            "index": "pypi",
            "version": "==24.3.0"
        },
        "typing-extensions": {
            "hashes": [
                "sha256:04e5ca0351e0f3f85c6853954072df659d0d13fac324d0072316b67d7794700d",
                "sha256:1a7ead55c7e559dd4dee8856e3a88b41225abfe1ce8df57b7c13915fe121ffb8"
            ],
            "markers": "python_version >= '3.8'",
            "version": "==4.12.2"
        },
        "zope-interface": {
            "hashes": [
                "sha256:00b5c3e9744dcdc9e84c24ed6646d5cf0cf66551347b310b3ffd70f056535854",
                "sha256:0e4fa5d34d7973e6b0efa46fe4405090f3b406f64b6290facbb19dcbf642ad6b",
                "sha256:136cacdde1a2c5e5bc3d0b2a1beed733f97e2dad8c2ad3c2e17116f6590a3827",
                "sha256:1730c93a38b5a18d24549bc81613223962a19d457cfda9bdc66e542f475a36f4",
                "sha256:1a62fd6cd518693568e23e02f41816adedfca637f26716837681c90b36af3671",
                "sha256:1c207e6f6dfd5749a26f5a5fd966602d6b824ec00d2df84a7e9a924e8933654e",
                "sha256:2eccd5bef45883802848f821d940367c1d0ad588de71e5cabe3813175444202c",
                "sha256:33ee982237cffaf946db365c3a6ebaa37855d8e3ca5800f6f48890209c1cfefc",
                "sha256:3d136e5b8821073e1a09dde3eb076ea9988e7010c54ffe4d39701adf0c303438",
                "sha256:47654177e675bafdf4e4738ce58cdc5c6d6ee2157ac0a78a3fa460942b9d64a8",
                "sha256:47937cf2e7ed4e0e37f7851c76edeb8543ec9b0eae149b36ecd26176ff1ca874",
                "sha256:4ac46298e0143d91e4644a27a769d1388d5d89e82ee0cf37bf2b0b001b9712a4",
                "sha256:4c0b208a5d6c81434bdfa0f06d9b667e5de15af84d8cae5723c3a33ba6611b82",
                "sha256:551db2fe892fcbefb38f6f81ffa62de11090c8119fd4e66a60f3adff70751ec7",
                "sha256:599f3b07bde2627e163ce484d5497a54a0a8437779362395c6b25e68c6590ede",
                "sha256:5ef8356f16b1a83609f7a992a6e33d792bb5eff2370712c9eaae0d02e1924341",
                "sha256:5fe919027f29b12f7a2562ba0daf3e045cb388f844e022552a5674fcdf5d21f1",
                "sha256:6f0a6be264afb094975b5ef55c911379d6989caa87c4e558814ec4f5125cfa2e",
                "sha256:706efc19f9679a1b425d6fa2b4bc770d976d0984335eaea0869bd32f627591d2",
                "sha256:73f9752cf3596771c7726f7eea5b9e634ad47c6d863043589a1c3bb31325c7eb",
                "sha256:762e616199f6319bb98e7f4f27d254c84c5fb1c25c908c2a9d0f92b92fb27530",
                "sha256:866a0f583be79f0def667a5d2c60b7b4cc68f0c0a470f227e1122691b443c934",
                "sha256:86a94af4a88110ed4bb8961f5ac72edf782958e665d5bfceaab6bf388420a78b",
                "sha256:8e0343a6e06d94f6b6ac52fbc75269b41dd3c57066541a6c76517f69fe67cb43",
                "sha256:97e615eab34bd8477c3f34197a17ce08c648d38467489359cb9eb7394f1083f7",
                "sha256:a96e6d4074db29b152222c34d7eec2e2db2f92638d2b2b2c704f9e8db3ae0edc",
                "sha256:b912750b13d76af8aac45ddf4679535def304b2a48a07989ec736508d0bbfbde",
                "sha256:bc2676312cc3468a25aac001ec727168994ea3b69b48914944a44c6a0b251e79",
                "sha256:cebff2fe5dc82cb22122e4e1225e00a4a506b1a16fafa911142ee124febf2c9e",
                "sha256:d22fce0b0f5715cdac082e35a9e735a1752dc8585f005d045abb1a7c20e197f9",
                "sha256:d3f7e001328bd6466b3414215f66dde3c7c13d8025a9c160a75d7b2687090d15",
                "sha256:d3fe667935e9562407c2511570dca14604a654988a13d8725667e95161d92e9b",
                "sha256:dabb70a6e3d9c22df50e08dc55b14ca2a99da95a2d941954255ac76fd6982bc5",
                "sha256:e2fb8e8158306567a3a9a41670c1ff99d0567d7fc96fa93b7abf8b519a46b250",
                "sha256:e96ac6b3169940a8cd57b4f2b8edcad8f5213b60efcd197d59fbe52f0accd66e",
                "sha256:fbf649bc77510ef2521cf797700b96167bb77838c40780da7ea3edd8b78044d1"
            ],
            "markers": "python_version >= '3.7'",
            "version": "==6.4.post2"
        }
    },
    "develop": {}
}
