{
    "_meta": {
        "hash": {
            "sha256": "07d041c8ff70fa1a39cdd4c3ca53c24fe6629cbc6cf869ea7aabe7a45a9ef958"
        },
        "pipfile-spec": 6,
        "requires": {},
        "sources": [
            {
                "name": "pypi",
                "url": "https://pypi.org/simple",
                "verify_ssl": true
            }
        ]
    },
    "default": {
        "attrs": {
            "hashes": [
                "sha256:29e95c7f6778868dbd49170f98f8818f78f3dc5e0e37c0b1f474e3561b240836",
                "sha256:c9227bfc2f01993c03f68db37d1d15c9690188323c067c641f1a35ca58185f99"
            ],
            "markers": "python_version >= '3.6'",
            "version": "==22.2.0"
        },
        "automat": {
            "hashes": [
                "sha256:c3164f8742b9dc440f3682482d32aaff7bb53f71740dd018533f9de286b64180",
                "sha256:e56beb84edad19dcc11d30e8d9b895f75deeb5ef5e96b84a467066b3b84bb04e"
            ],
            "version": "==22.10.0"
        },
        "constantly": {
            "hashes": [
                "sha256:586372eb92059873e29eba4f9dec8381541b4d3834660707faf8ba59146dfc35",
                "sha256:dd2fa9d6b1a51a83f0d7dd76293d734046aa176e384bf6e33b7e44880eb37c5d"
            ],
            "version": "==15.1.0"
        },
        "hyperlink": {
            "hashes": [
                "sha256:427af957daa58bc909471c6c40f74c5450fa123dd093fc53efd2e91d2705a56b",
                "sha256:e6b14c37ecb73e89c77d78cdb4c2cc8f3fb59a885c5b3f819ff4ed80f25af1b4"
            ],
            "version": "==21.0.0"
        },
        "idna": {
            "hashes": [
                "sha256:814f528e8dead7d329833b91c5faa87d60bf71824cd12a7530b5526063d02cb4",
                "sha256:90b77e79eaa3eba6de819a0c442c0b4ceefc341a7a2ab77d7562bf49f425c5c2"
            ],
            "markers": "python_version >= '3.5'",
            "version": "==3.4"
        },
        "incremental": {
            "hashes": [
                "sha256:912feeb5e0f7e0188e6f42241d2f450002e11bbc0937c65865045854c24c0bd0",
                "sha256:b864a1f30885ee72c5ac2835a761b8fe8aa9c28b9395cacf27286602688d3e51"
            ],
            "version": "==22.10.0"
        },
        "setuptools": {
            "hashes": [
                "sha256:15136a251127da2d2e77ac7a1bc231eb504654f7e3346d93613a13f2e2787535",
                "sha256:1c39d42bda4cb89f7fdcad52b6762e3c309ec8f8715b27c684176b7d71283242"
            ],
            "markers": "python_version >= '3.7'",
            "version": "==67.5.1"
        },
        "six": {
            "hashes": [
                "sha256:1e61c37477a1626458e36f7b1d82aa5c9b094fa4802892072e49de9c60c4c926",
                "sha256:8abb2f1d86890a2dfb989f9a77cfcfd3e47c2a354b01111771326f8aa26e0254"
            ],
            "markers": "python_version >= '2.7' and python_version not in '3.0, 3.1, 3.2, 3.3'",
            "version": "==1.16.0"
        },
        "twisted": {
            "hashes": [
                "sha256:32acbd40a94f5f46e7b42c109bfae2b302250945561783a8b7a059048f2d4d31",
                "sha256:86c55f712cc5ab6f6d64e02503352464f0400f66d4f079096d744080afcccbd0"
            ],
            "index": "pypi",
            "version": "==22.10.0"
        },
        "typing-extensions": {
            "hashes": [
                "sha256:5cb5f4a79139d699607b3ef622a1dedafa84e115ab0024e0d9c044a9479ca7cb",
                "sha256:fb33085c39dd998ac16d1431ebc293a8b3eedd00fd4a32de0ff79002c19511b4"
            ],
            "markers": "python_version >= '3.7'",
            "version": "==4.5.0"
        },
        "zope.interface": {
            "hashes": [
                "sha256:008b0b65c05993bb08912f644d140530e775cf1c62a072bf9340c2249e613c32",
                "sha256:0217a9615531c83aeedb12e126611b1b1a3175013bbafe57c702ce40000eb9a0",
                "sha256:0fb497c6b088818e3395e302e426850f8236d8d9f4ef5b2836feae812a8f699c",
                "sha256:17ebf6e0b1d07ed009738016abf0d0a0f80388e009d0ac6e0ead26fc162b3b9c",
                "sha256:311196634bb9333aa06f00fc94f59d3a9fddd2305c2c425d86e406ddc6f2260d",
                "sha256:3218ab1a7748327e08ef83cca63eea7cf20ea7e2ebcb2522072896e5e2fceedf",
                "sha256:404d1e284eda9e233c90128697c71acffd55e183d70628aa0bbb0e7a3084ed8b",
                "sha256:4087e253bd3bbbc3e615ecd0b6dd03c4e6a1e46d152d3be6d2ad08fbad742dcc",
                "sha256:40f4065745e2c2fa0dff0e7ccd7c166a8ac9748974f960cd39f63d2c19f9231f",
                "sha256:5334e2ef60d3d9439c08baedaf8b84dc9bb9522d0dacbc10572ef5609ef8db6d",
                "sha256:604cdba8f1983d0ab78edc29aa71c8df0ada06fb147cea436dc37093a0100a4e",
                "sha256:6373d7eb813a143cb7795d3e42bd8ed857c82a90571567e681e1b3841a390d16",
                "sha256:655796a906fa3ca67273011c9805c1e1baa047781fca80feeb710328cdbed87f",
                "sha256:65c3c06afee96c654e590e046c4a24559e65b0a87dbff256cd4bd6f77e1a33f9",
                "sha256:696f3d5493eae7359887da55c2afa05acc3db5fc625c49529e84bd9992313296",
                "sha256:6e972493cdfe4ad0411fd9abfab7d4d800a7317a93928217f1a5de2bb0f0d87a",
                "sha256:7579960be23d1fddecb53898035a0d112ac858c3554018ce615cefc03024e46d",
                "sha256:765d703096ca47aa5d93044bf701b00bbce4d903a95b41fff7c3796e747b1f1d",
                "sha256:7e66f60b0067a10dd289b29dceabd3d0e6d68be1504fc9d0bc209cf07f56d189",
                "sha256:8a2ffadefd0e7206adc86e492ccc60395f7edb5680adedf17a7ee4205c530df4",
                "sha256:959697ef2757406bff71467a09d940ca364e724c534efbf3786e86eee8591452",
                "sha256:9d783213fab61832dbb10d385a319cb0e45451088abd45f95b5bb88ed0acca1a",
                "sha256:a16025df73d24795a0bde05504911d306307c24a64187752685ff6ea23897cb0",
                "sha256:a2ad597c8c9e038a5912ac3cf166f82926feff2f6e0dabdab956768de0a258f5",
                "sha256:bfee1f3ff62143819499e348f5b8a7f3aa0259f9aca5e0ddae7391d059dce671",
                "sha256:d169ccd0756c15bbb2f1acc012f5aab279dffc334d733ca0d9362c5beaebe88e",
                "sha256:d514c269d1f9f5cd05ddfed15298d6c418129f3f064765295659798349c43e6f",
                "sha256:d692374b578360d36568dd05efb8a5a67ab6d1878c29c582e37ddba80e66c396",
                "sha256:dbaeb9cf0ea0b3bc4b36fae54a016933d64c6d52a94810a63c00f440ecb37dd7",
                "sha256:dc26c8d44472e035d59d6f1177eb712888447f5799743da9c398b0339ed90b1b",
                "sha256:e1574980b48c8c74f83578d1e77e701f8439a5d93f36a5a0af31337467c08fcf",
                "sha256:e74a578172525c20d7223eac5f8ad187f10940dac06e40113d62f14f3adb1e8f",
                "sha256:e945de62917acbf853ab968d8916290548df18dd62c739d862f359ecd25842a6",
                "sha256:f0980d44b8aded808bec5059018d64692f0127f10510eca71f2f0ace8fb11188",
                "sha256:f98d4bd7bbb15ca701d19b93263cc5edfd480c3475d163f137385f49e5b3a3a7",
                "sha256:fb68d212efd057596dee9e6582daded9f8ef776538afdf5feceb3059df2d2e7b"
            ],
            "markers": "python_version >= '2.7' and python_version not in '3.0, 3.1, 3.2, 3.3, 3.4'",
            "version": "==5.5.2"
        }
    },
    "develop": {}
}
