{
    "_meta": {
        "hash": {
            "sha256": "07d041c8ff70fa1a39cdd4c3ca53c24fe6629cbc6cf869ea7aabe7a45a9ef958"
        },
        "pipfile-spec": 6,
        "requires": {},
        "sources": [
            {
                "name": "pypi",
                "url": "https://pypi.org/simple",
                "verify_ssl": true
            }
        ]
    },
    "default": {
        "attrs": {
            "hashes": [
                "sha256:1f28b4522cdc2fb4256ac1a020c78acf9cba2c6b461ccd2c126f3aa8e8335d04",
                "sha256:6279836d581513a26f1bf235f9acd333bc9115683f14f7e8fae46c98fc50e015"
            ],
            "markers": "python_version >= '3.7'",
            "version": "==23.1.0"
        },
        "automat": {
            "hashes": [
                "sha256:c3164f8742b9dc440f3682482d32aaff7bb53f71740dd018533f9de286b64180",
                "sha256:e56beb84edad19dcc11d30e8d9b895f75deeb5ef5e96b84a467066b3b84bb04e"
            ],
            "version": "==22.10.0"
        },
        "constantly": {
            "hashes": [
                "sha256:586372eb92059873e29eba4f9dec8381541b4d3834660707faf8ba59146dfc35",
                "sha256:dd2fa9d6b1a51a83f0d7dd76293d734046aa176e384bf6e33b7e44880eb37c5d"
            ],
            "version": "==15.1.0"
        },
        "hyperlink": {
            "hashes": [
                "sha256:427af957daa58bc909471c6c40f74c5450fa123dd093fc53efd2e91d2705a56b",
                "sha256:e6b14c37ecb73e89c77d78cdb4c2cc8f3fb59a885c5b3f819ff4ed80f25af1b4"
            ],
            "version": "==21.0.0"
        },
        "idna": {
            "hashes": [
                "sha256:814f528e8dead7d329833b91c5faa87d60bf71824cd12a7530b5526063d02cb4",
                "sha256:90b77e79eaa3eba6de819a0c442c0b4ceefc341a7a2ab77d7562bf49f425c5c2"
            ],
            "markers": "python_version >= '3.5'",
            "version": "==3.4"
        },
        "incremental": {
            "hashes": [
                "sha256:912feeb5e0f7e0188e6f42241d2f450002e11bbc0937c65865045854c24c0bd0",
                "sha256:b864a1f30885ee72c5ac2835a761b8fe8aa9c28b9395cacf27286602688d3e51"
            ],
            "version": "==22.10.0"
        },
        "setuptools": {
            "hashes": [
                "sha256:6f0839fbdb7e3cfef1fc38d7954f5c1c26bf4eebb155a55c9bf8faf997b9fb67",
                "sha256:bb16732e8eb928922eabaa022f881ae2b7cdcfaf9993ef1f5e841a96d32b8e0c"
            ],
            "markers": "python_version >= '3.7'",
            "version": "==67.7.1"
        },
        "six": {
            "hashes": [
                "sha256:1e61c37477a1626458e36f7b1d82aa5c9b094fa4802892072e49de9c60c4c926",
                "sha256:8abb2f1d86890a2dfb989f9a77cfcfd3e47c2a354b01111771326f8aa26e0254"
            ],
            "markers": "python_version >= '2.7' and python_version not in '3.0, 3.1, 3.2, 3.3'",
            "version": "==1.16.0"
        },
        "twisted": {
            "hashes": [
                "sha256:32acbd40a94f5f46e7b42c109bfae2b302250945561783a8b7a059048f2d4d31",
                "sha256:86c55f712cc5ab6f6d64e02503352464f0400f66d4f079096d744080afcccbd0"
            ],
            "index": "pypi",
            "version": "==22.10.0"
        },
        "typing-extensions": {
            "hashes": [
                "sha256:5cb5f4a79139d699607b3ef622a1dedafa84e115ab0024e0d9c044a9479ca7cb",
                "sha256:fb33085c39dd998ac16d1431ebc293a8b3eedd00fd4a32de0ff79002c19511b4"
            ],
            "markers": "python_version >= '3.7'",
            "version": "==4.5.0"
        },
        "zope.interface": {
            "hashes": [
                "sha256:042f2381118b093714081fd82c98e3b189b68db38ee7d35b63c327c470ef8373",
                "sha256:0ec9653825f837fbddc4e4b603d90269b501486c11800d7c761eee7ce46d1bbb",
                "sha256:12175ca6b4db7621aedd7c30aa7cfa0a2d65ea3a0105393e05482d7a2d367446",
                "sha256:1592f68ae11e557b9ff2bc96ac8fc30b187e77c45a3c9cd876e3368c53dc5ba8",
                "sha256:23ac41d52fd15dd8be77e3257bc51bbb82469cf7f5e9a30b75e903e21439d16c",
                "sha256:424d23b97fa1542d7be882eae0c0fc3d6827784105264a8169a26ce16db260d8",
                "sha256:4407b1435572e3e1610797c9203ad2753666c62883b921318c5403fb7139dec2",
                "sha256:48f4d38cf4b462e75fac78b6f11ad47b06b1c568eb59896db5b6ec1094eb467f",
                "sha256:4c3d7dfd897a588ec27e391edbe3dd320a03684457470415870254e714126b1f",
                "sha256:5171eb073474a5038321409a630904fd61f12dd1856dd7e9d19cd6fe092cbbc5",
                "sha256:5a158846d0fca0a908c1afb281ddba88744d403f2550dc34405c3691769cdd85",
                "sha256:6ee934f023f875ec2cfd2b05a937bd817efcc6c4c3f55c5778cbf78e58362ddc",
                "sha256:790c1d9d8f9c92819c31ea660cd43c3d5451df1df61e2e814a6f99cebb292788",
                "sha256:809fe3bf1a91393abc7e92d607976bbb8586512913a79f2bf7d7ec15bd8ea518",
                "sha256:87b690bbee9876163210fd3f500ee59f5803e4a6607d1b1238833b8885ebd410",
                "sha256:89086c9d3490a0f265a3c4b794037a84541ff5ffa28bb9c24cc9f66566968464",
                "sha256:99856d6c98a326abbcc2363827e16bd6044f70f2ef42f453c0bd5440c4ce24e5",
                "sha256:aab584725afd10c710b8f1e6e208dbee2d0ad009f57d674cb9d1b3964037275d",
                "sha256:af169ba897692e9cd984a81cb0f02e46dacdc07d6cf9fd5c91e81f8efaf93d52",
                "sha256:b39b8711578dcfd45fc0140993403b8a81e879ec25d53189f3faa1f006087dca",
                "sha256:b3f543ae9d3408549a9900720f18c0194ac0fe810cecda2a584fd4dca2eb3bb8",
                "sha256:d0583b75f2e70ec93f100931660328965bb9ff65ae54695fb3fa0a1255daa6f2",
                "sha256:dfbbbf0809a3606046a41f8561c3eada9db811be94138f42d9135a5c47e75f6f",
                "sha256:e538f2d4a6ffb6edfb303ce70ae7e88629ac6e5581870e66c306d9ad7b564a58",
                "sha256:eba51599370c87088d8882ab74f637de0c4f04a6d08a312dce49368ba9ed5c2a",
                "sha256:ee4b43f35f5dc15e1fec55ccb53c130adb1d11e8ad8263d68b1284b66a04190d",
                "sha256:f2363e5fd81afb650085c6686f2ee3706975c54f331b426800b53531191fdf28",
                "sha256:f299c020c6679cb389814a3b81200fe55d428012c5e76da7e722491f5d205990",
                "sha256:f72f23bab1848edb7472309e9898603141644faec9fd57a823ea6b4d1c4c8995",
                "sha256:fa90bac61c9dc3e1a563e5babb3fd2c0c1c80567e815442ddbe561eadc803b30"
            ],
            "markers": "python_version >= '3.7'",
            "version": "==6.0"
        }
    },
    "develop": {}
}
